
Microsoft Visual Studio Solution File, Format Version 12.00
# Visual Studio Version 16
VisualStudioVersion = 16.0.30804.86
MinimumVisualStudioVersion = 10.0.40219.1
Project("{FAE04EC0-301F-11D3-BF4B-00C04F79EFBC}") = "WEB API", "WEB API\WEB API.csproj", "{FC02D9D7-0CF5-443E-A105-252E28EE674A}"
EndProject
Global
	GlobalSection(SolutionConfigurationPlatforms) = preSolution
		Debug|Any CPU = Debug|Any CPU
		Release|Any CPU = Release|Any CPU
	EndGlobalSection
	GlobalSection(ProjectConfigurationPlatforms) = postSolution
		{FC02D9D7-0CF5-443E-A105-252E28EE674A}.Debug|Any CPU.ActiveCfg = Debug|Any CPU
		{FC02D9D7-0CF5-443E-A105-252E28EE674A}.Debug|Any CPU.Build.0 = Debug|Any CPU
		{FC02D9D7-0CF5-443E-A105-252E28EE674A}.Release|Any CPU.ActiveCfg = Release|Any CPU
		{FC02D9D7-0CF5-443E-A105-252E28EE674A}.Release|Any CPU.Build.0 = Release|Any CPU
	EndGlobalSection
	GlobalSection(SolutionProperties) = preSolution
		HideSolutionNode = FALSE
	EndGlobalSection
	GlobalSection(ExtensibilityGlobals) = postSolution
		SolutionGuid = {0EECD64C-B1B9-4433-B93B-9B1735625A43}
	EndGlobalSection
EndGlobal
